<Solution>
  <Folder Name="/src/">
    <Project Path="src/FrameReader/FrameReader.csproj" />
    <Project Path="src/ShotDetector.Cli/ShotDetector.Cli.csproj" />
    <Project Path="src/ShotDetector.FastYuv/ShotDetector.FastYuv.csproj" />
    <Project Path="src/ShotDetector.Native/ShotDetector.Native.csproj" />
    <Project Path="src/ShotDetector/ShotDetector.csproj" />
  </Folder>
  <Folder Name="/tests/">
    <Project Path="tests/FrameReader.Tests/FrameReader.Tests.csproj" />
    <Project Path="tests/ShotDetector.Tests/ShotDetector.Tests.csproj" />
  </Folder>
</Solution>
